
Microsoft Visual Studio Solution File, Format Version 12.00
# Visual Studio Version 16
VisualStudioVersion = 16.0.30907.101
MinimumVisualStudioVersion = 10.0.40219.1
Project("{9A19103F-16F7-4668-BE54-9A1E7A4F7556}") = "Diiage.DungeonCrawlerBackEnd.WebApplication", "Diiage.DungeonCrawlerBackEnd.WebApplication\Diiage.DungeonCrawlerBackEnd.WebApplication.csproj", "{37BDD52C-25E4-49A7-ACC7-8C3CDB33C2D3}"
EndProject
Project("{FAE04EC0-301F-11D3-BF4B-00C04F79EFBC}") = "Diiage.DungeonCrawlerBackEnd.Business", "Diiage.DungeonCrawlerBackEnd.Business\Diiage.DungeonCrawlerBackEnd.Business.csproj", "{C219ACA7-1853-4A68-B423-7B8370792607}"
EndProject
Project("{FAE04EC0-301F-11D3-BF4B-00C04F79EFBC}") = "Diiage.DungeonCrawlerBackEnd.Business.Contracts", "Diiage.DungeonCrawlerBackEnd.Business.Contracts\Diiage.DungeonCrawlerBackEnd.Business.Contracts.csproj", "{2C46DD84-2897-45BB-A86C-35EE52133D51}"
EndProject
Project("{FAE04EC0-301F-11D3-BF4B-00C04F79EFBC}") = "Diiage.DungeonCrawlerBackEnd.Entity", "Diiage.DungeonCrawlerBackEnd.Entity\Diiage.DungeonCrawlerBackEnd.Entity.csproj", "{5FE246E5-41D4-49A7-B97F-B7D162ECBAC8}"
EndProject
Project("{FAE04EC0-301F-11D3-BF4B-00C04F79EFBC}") = "Diiage.DungeonCrawlerBackEnd.Entity.Context", "Diiage.DungeonCrawlerBackEnd.Entity.Context\Diiage.DungeonCrawlerBackEnd.Entity.Context.csproj", "{486F924B-F140-4651-83F1-846DAF8F3AEA}"
EndProject
Project("{FAE04EC0-301F-11D3-BF4B-00C04F79EFBC}") = "Diiage.DungeonCrawlerBackEnd.Repository", "Diiage.DungeonCrawlerBackEnd.Repository\Diiage.DungeonCrawlerBackEnd.Repository.csproj", "{513F0727-E0F8-4D33-9429-938C02050767}"
EndProject
Project("{FAE04EC0-301F-11D3-BF4B-00C04F79EFBC}") = "Diiage.DungeonCrawlerBackEnd.Repository.Contracts", "Diiage.DungeonCrawlerBackEnd.Repository.Contracts\Diiage.DungeonCrawlerBackEnd.Repository.Contracts.csproj", "{B9EB279D-FE76-4896-A16E-A09A81849DCB}"
EndProject
Global
	GlobalSection(SolutionConfigurationPlatforms) = preSolution
		Debug|Any CPU = Debug|Any CPU
		Release|Any CPU = Release|Any CPU
	EndGlobalSection
	GlobalSection(ProjectConfigurationPlatforms) = postSolution
		{37BDD52C-25E4-49A7-ACC7-8C3CDB33C2D3}.Debug|Any CPU.ActiveCfg = Debug|Any CPU
		{37BDD52C-25E4-49A7-ACC7-8C3CDB33C2D3}.Debug|Any CPU.Build.0 = Debug|Any CPU
		{37BDD52C-25E4-49A7-ACC7-8C3CDB33C2D3}.Release|Any CPU.ActiveCfg = Release|Any CPU
		{37BDD52C-25E4-49A7-ACC7-8C3CDB33C2D3}.Release|Any CPU.Build.0 = Release|Any CPU
		{C219ACA7-1853-4A68-B423-7B8370792607}.Debug|Any CPU.ActiveCfg = Debug|Any CPU
		{C219ACA7-1853-4A68-B423-7B8370792607}.Debug|Any CPU.Build.0 = Debug|Any CPU
		{C219ACA7-1853-4A68-B423-7B8370792607}.Release|Any CPU.ActiveCfg = Release|Any CPU
		{C219ACA7-1853-4A68-B423-7B8370792607}.Release|Any CPU.Build.0 = Release|Any CPU
		{2C46DD84-2897-45BB-A86C-35EE52133D51}.Debug|Any CPU.ActiveCfg = Debug|Any CPU
		{2C46DD84-2897-45BB-A86C-35EE52133D51}.Debug|Any CPU.Build.0 = Debug|Any CPU
		{2C46DD84-2897-45BB-A86C-35EE52133D51}.Release|Any CPU.ActiveCfg = Release|Any CPU
		{2C46DD84-2897-45BB-A86C-35EE52133D51}.Release|Any CPU.Build.0 = Release|Any CPU
		{5FE246E5-41D4-49A7-B97F-B7D162ECBAC8}.Debug|Any CPU.ActiveCfg = Debug|Any CPU
		{5FE246E5-41D4-49A7-B97F-B7D162ECBAC8}.Debug|Any CPU.Build.0 = Debug|Any CPU
		{5FE246E5-41D4-49A7-B97F-B7D162ECBAC8}.Release|Any CPU.ActiveCfg = Release|Any CPU
		{5FE246E5-41D4-49A7-B97F-B7D162ECBAC8}.Release|Any CPU.Build.0 = Release|Any CPU
		{486F924B-F140-4651-83F1-846DAF8F3AEA}.Debug|Any CPU.ActiveCfg = Debug|Any CPU
		{486F924B-F140-4651-83F1-846DAF8F3AEA}.Debug|Any CPU.Build.0 = Debug|Any CPU
		{486F924B-F140-4651-83F1-846DAF8F3AEA}.Release|Any CPU.ActiveCfg = Release|Any CPU
		{486F924B-F140-4651-83F1-846DAF8F3AEA}.Release|Any CPU.Build.0 = Release|Any CPU
		{513F0727-E0F8-4D33-9429-938C02050767}.Debug|Any CPU.ActiveCfg = Debug|Any CPU
		{513F0727-E0F8-4D33-9429-938C02050767}.Debug|Any CPU.Build.0 = Debug|Any CPU
		{513F0727-E0F8-4D33-9429-938C02050767}.Release|Any CPU.ActiveCfg = Release|Any CPU
		{513F0727-E0F8-4D33-9429-938C02050767}.Release|Any CPU.Build.0 = Release|Any CPU
		{B9EB279D-FE76-4896-A16E-A09A81849DCB}.Debug|Any CPU.ActiveCfg = Debug|Any CPU
		{B9EB279D-FE76-4896-A16E-A09A81849DCB}.Debug|Any CPU.Build.0 = Debug|Any CPU
		{B9EB279D-FE76-4896-A16E-A09A81849DCB}.Release|Any CPU.ActiveCfg = Release|Any CPU
		{B9EB279D-FE76-4896-A16E-A09A81849DCB}.Release|Any CPU.Build.0 = Release|Any CPU
	EndGlobalSection
	GlobalSection(SolutionProperties) = preSolution
		HideSolutionNode = FALSE
	EndGlobalSection
	GlobalSection(ExtensibilityGlobals) = postSolution
		SolutionGuid = {FE2AE0B5-32A4-4B87-80D9-93B8A939FC5F}
	EndGlobalSection
EndGlobal
